
Microsoft Visual Studio Solution File, Format Version 12.00
# Visual Studio Version 17
VisualStudioVersion = 17.11.35327.3
MinimumVisualStudioVersion = 10.0.40219.1
Project("{9A19103F-16F7-4668-BE54-9A1E7A4F7556}") = "ex01", "ex01\ex01.csproj", "{39F7C859-8D06-44D5-8E74-3DECDE1BFCA0}"
EndProject
Project("{9A19103F-16F7-4668-BE54-9A1E7A4F7556}") = "ex02", "ex02\ex02.csproj", "{19CA48F3-FD1D-4798-917D-698228949CE5}"
EndProject
Project("{9A19103F-16F7-4668-BE54-9A1E7A4F7556}") = "ex03", "ex03\ex03.csproj", "{36A57800-99E2-4530-A2D8-DF8EE006D3A9}"
EndProject
Project("{9A19103F-16F7-4668-BE54-9A1E7A4F7556}") = "ex04", "ex04\ex04.csproj", "{7CDB6F7D-B2E3-4745-AD60-301050C913EC}"
EndProject
Project("{9A19103F-16F7-4668-BE54-9A1E7A4F7556}") = "Ex05", "Ex05\Ex05.csproj", "{69FA573B-888D-4716-A61B-9F1D811C9159}"
EndProject
Project("{9A19103F-16F7-4668-BE54-9A1E7A4F7556}") = "Ex06", "Ex06\Ex06.csproj", "{FA0B44F1-A906-4520-94B1-5949CE86CD86}"
EndProject
Project("{9A19103F-16F7-4668-BE54-9A1E7A4F7556}") = "Ex07", "Ex07\Ex07.csproj", "{0C88BF16-F986-451A-9A1A-749BB04A6138}"
EndProject
Project("{9A19103F-16F7-4668-BE54-9A1E7A4F7556}") = "ex08", "ex08\ex08.csproj", "{A95F8509-291D-4364-A2AB-54EAF584E72F}"
EndProject
Project("{9A19103F-16F7-4668-BE54-9A1E7A4F7556}") = "ex09", "ex09\ex09.csproj", "{49DB3967-D718-4E2A-9FEF-BCDA7EE91A54}"
EndProject
Project("{FAE04EC0-301F-11D3-BF4B-00C04F79EFBC}") = "ex 10", "ex 10\ex 10.csproj", "{F41F03AF-3AE6-4E58-A328-025AC9B038F5}"
EndProject
Project("{FAE04EC0-301F-11D3-BF4B-00C04F79EFBC}") = "ex 11", "ex 11\ex 11.csproj", "{70346F6A-8563-4822-957C-4BF1E3FC3624}"
EndProject
Project("{FAE04EC0-301F-11D3-BF4B-00C04F79EFBC}") = "ex 12", "ex 12\ex 12.csproj", "{86903110-F01F-4CE9-B52C-321A0EB2EF84}"
EndProject
Project("{FAE04EC0-301F-11D3-BF4B-00C04F79EFBC}") = "ex 13", "ex 13\ex 13.csproj", "{120CECD6-AD05-400C-80B1-9788C4B91814}"
EndProject
Project("{FAE04EC0-301F-11D3-BF4B-00C04F79EFBC}") = "ex 14", "ex 14\ex 14.csproj", "{6382B515-93E0-4745-BE5E-919E46C1CAA7}"
EndProject
Project("{FAE04EC0-301F-11D3-BF4B-00C04F79EFBC}") = "ex 15", "ex 15\ex 15.csproj", "{B2D65EC0-C2B3-46AB-A807-ACD65D5042F6}"
EndProject
Project("{FAE04EC0-301F-11D3-BF4B-00C04F79EFBC}") = "ex 16", "ex 16\ex 16.csproj", "{2BB3D752-DEEC-45CA-A936-46E119AC330E}"
EndProject
Project("{FAE04EC0-301F-11D3-BF4B-00C04F79EFBC}") = "ex 17", "ex 17\ex 17.csproj", "{EA7688F0-C974-4F42-A2DA-B8ADE26B074E}"
EndProject
Project("{FAE04EC0-301F-11D3-BF4B-00C04F79EFBC}") = "ex 18", "ex 18\ex 18.csproj", "{18EE304B-6FBA-4EF6-A50F-71F2388A9330}"
EndProject
Project("{FAE04EC0-301F-11D3-BF4B-00C04F79EFBC}") = "ex 19", "ex 19\ex 19.csproj", "{23A16557-C688-4B21-84A1-74864C439755}"
EndProject
Project("{FAE04EC0-301F-11D3-BF4B-00C04F79EFBC}") = "ex 20", "ex 20\ex 20.csproj", "{1C272BEF-C7B1-4A39-AB46-DF562EFD37CC}"
EndProject
Project("{FAE04EC0-301F-11D3-BF4B-00C04F79EFBC}") = "ex 21", "ex 21\ex 21.csproj", "{E8076C02-6C32-4C6A-9CA4-7FF35B0F3D39}"
EndProject
Project("{FAE04EC0-301F-11D3-BF4B-00C04F79EFBC}") = "ex 22", "ex 22\ex 22.csproj", "{F96E4091-86A0-476C-B7B6-59C3749F7F74}"
EndProject
Project("{FAE04EC0-301F-11D3-BF4B-00C04F79EFBC}") = "ex 23", "ex 23\ex 23.csproj", "{34142177-3950-4518-8052-6E43CE1322A6}"
EndProject
Project("{FAE04EC0-301F-11D3-BF4B-00C04F79EFBC}") = "ex 24", "ex 24\ex 24.csproj", "{DA654A5E-F6A0-483A-A8C2-A6911B09B73C}"
EndProject
Project("{FAE04EC0-301F-11D3-BF4B-00C04F79EFBC}") = "ex 25", "ex 25\ex 25.csproj", "{2BE80158-470B-44A9-B87F-E04466963AA2}"
EndProject
Project("{FAE04EC0-301F-11D3-BF4B-00C04F79EFBC}") = "ex 26", "ex 26\ex 26.csproj", "{23DF526E-2607-4D5C-94CF-9B30C6A56897}"
EndProject
Project("{FAE04EC0-301F-11D3-BF4B-00C04F79EFBC}") = "ex 27", "ex 27\ex 27.csproj", "{44C9254A-06A4-4EB8-B882-0A9B57918EAF}"
EndProject
Project("{FAE04EC0-301F-11D3-BF4B-00C04F79EFBC}") = "ex 28", "ex 28\ex 28.csproj", "{F2D037FD-A787-4589-8872-B70C7E17C4E9}"
EndProject
Global
	GlobalSection(SolutionConfigurationPlatforms) = preSolution
		Debug|Any CPU = Debug|Any CPU
		Release|Any CPU = Release|Any CPU
	EndGlobalSection
	GlobalSection(ProjectConfigurationPlatforms) = postSolution
		{39F7C859-8D06-44D5-8E74-3DECDE1BFCA0}.Debug|Any CPU.ActiveCfg = Debug|Any CPU
		{39F7C859-8D06-44D5-8E74-3DECDE1BFCA0}.Debug|Any CPU.Build.0 = Debug|Any CPU
		{39F7C859-8D06-44D5-8E74-3DECDE1BFCA0}.Release|Any CPU.ActiveCfg = Release|Any CPU
		{39F7C859-8D06-44D5-8E74-3DECDE1BFCA0}.Release|Any CPU.Build.0 = Release|Any CPU
		{19CA48F3-FD1D-4798-917D-698228949CE5}.Debug|Any CPU.ActiveCfg = Debug|Any CPU
		{19CA48F3-FD1D-4798-917D-698228949CE5}.Debug|Any CPU.Build.0 = Debug|Any CPU
		{19CA48F3-FD1D-4798-917D-698228949CE5}.Release|Any CPU.ActiveCfg = Release|Any CPU
		{19CA48F3-FD1D-4798-917D-698228949CE5}.Release|Any CPU.Build.0 = Release|Any CPU
		{36A57800-99E2-4530-A2D8-DF8EE006D3A9}.Debug|Any CPU.ActiveCfg = Debug|Any CPU
		{36A57800-99E2-4530-A2D8-DF8EE006D3A9}.Debug|Any CPU.Build.0 = Debug|Any CPU
		{36A57800-99E2-4530-A2D8-DF8EE006D3A9}.Release|Any CPU.ActiveCfg = Release|Any CPU
		{36A57800-99E2-4530-A2D8-DF8EE006D3A9}.Release|Any CPU.Build.0 = Release|Any CPU
		{7CDB6F7D-B2E3-4745-AD60-301050C913EC}.Debug|Any CPU.ActiveCfg = Debug|Any CPU
		{7CDB6F7D-B2E3-4745-AD60-301050C913EC}.Debug|Any CPU.Build.0 = Debug|Any CPU
		{7CDB6F7D-B2E3-4745-AD60-301050C913EC}.Release|Any CPU.ActiveCfg = Release|Any CPU
		{7CDB6F7D-B2E3-4745-AD60-301050C913EC}.Release|Any CPU.Build.0 = Release|Any CPU
		{69FA573B-888D-4716-A61B-9F1D811C9159}.Debug|Any CPU.ActiveCfg = Debug|Any CPU
		{69FA573B-888D-4716-A61B-9F1D811C9159}.Debug|Any CPU.Build.0 = Debug|Any CPU
		{69FA573B-888D-4716-A61B-9F1D811C9159}.Release|Any CPU.ActiveCfg = Release|Any CPU
		{69FA573B-888D-4716-A61B-9F1D811C9159}.Release|Any CPU.Build.0 = Release|Any CPU
		{FA0B44F1-A906-4520-94B1-5949CE86CD86}.Debug|Any CPU.ActiveCfg = Debug|Any CPU
		{FA0B44F1-A906-4520-94B1-5949CE86CD86}.Debug|Any CPU.Build.0 = Debug|Any CPU
		{FA0B44F1-A906-4520-94B1-5949CE86CD86}.Release|Any CPU.ActiveCfg = Release|Any CPU
		{FA0B44F1-A906-4520-94B1-5949CE86CD86}.Release|Any CPU.Build.0 = Release|Any CPU
		{0C88BF16-F986-451A-9A1A-749BB04A6138}.Debug|Any CPU.ActiveCfg = Debug|Any CPU
		{0C88BF16-F986-451A-9A1A-749BB04A6138}.Debug|Any CPU.Build.0 = Debug|Any CPU
		{0C88BF16-F986-451A-9A1A-749BB04A6138}.Release|Any CPU.ActiveCfg = Release|Any CPU
		{0C88BF16-F986-451A-9A1A-749BB04A6138}.Release|Any CPU.Build.0 = Release|Any CPU
		{A95F8509-291D-4364-A2AB-54EAF584E72F}.Debug|Any CPU.ActiveCfg = Debug|Any CPU
		{A95F8509-291D-4364-A2AB-54EAF584E72F}.Debug|Any CPU.Build.0 = Debug|Any CPU
		{A95F8509-291D-4364-A2AB-54EAF584E72F}.Release|Any CPU.ActiveCfg = Release|Any CPU
		{A95F8509-291D-4364-A2AB-54EAF584E72F}.Release|Any CPU.Build.0 = Release|Any CPU
		{49DB3967-D718-4E2A-9FEF-BCDA7EE91A54}.Debug|Any CPU.ActiveCfg = Debug|Any CPU
		{49DB3967-D718-4E2A-9FEF-BCDA7EE91A54}.Debug|Any CPU.Build.0 = Debug|Any CPU
		{49DB3967-D718-4E2A-9FEF-BCDA7EE91A54}.Release|Any CPU.ActiveCfg = Release|Any CPU
		{49DB3967-D718-4E2A-9FEF-BCDA7EE91A54}.Release|Any CPU.Build.0 = Release|Any CPU
		{F41F03AF-3AE6-4E58-A328-025AC9B038F5}.Debug|Any CPU.ActiveCfg = Debug|Any CPU
		{F41F03AF-3AE6-4E58-A328-025AC9B038F5}.Debug|Any CPU.Build.0 = Debug|Any CPU
		{F41F03AF-3AE6-4E58-A328-025AC9B038F5}.Release|Any CPU.ActiveCfg = Release|Any CPU
		{F41F03AF-3AE6-4E58-A328-025AC9B038F5}.Release|Any CPU.Build.0 = Release|Any CPU
		{70346F6A-8563-4822-957C-4BF1E3FC3624}.Debug|Any CPU.ActiveCfg = Debug|Any CPU
		{70346F6A-8563-4822-957C-4BF1E3FC3624}.Debug|Any CPU.Build.0 = Debug|Any CPU
		{70346F6A-8563-4822-957C-4BF1E3FC3624}.Release|Any CPU.ActiveCfg = Release|Any CPU
		{70346F6A-8563-4822-957C-4BF1E3FC3624}.Release|Any CPU.Build.0 = Release|Any CPU
		{86903110-F01F-4CE9-B52C-321A0EB2EF84}.Debug|Any CPU.ActiveCfg = Debug|Any CPU
		{86903110-F01F-4CE9-B52C-321A0EB2EF84}.Debug|Any CPU.Build.0 = Debug|Any CPU
		{86903110-F01F-4CE9-B52C-321A0EB2EF84}.Release|Any CPU.ActiveCfg = Release|Any CPU
		{86903110-F01F-4CE9-B52C-321A0EB2EF84}.Release|Any CPU.Build.0 = Release|Any CPU
		{120CECD6-AD05-400C-80B1-9788C4B91814}.Debug|Any CPU.ActiveCfg = Debug|Any CPU
		{120CECD6-AD05-400C-80B1-9788C4B91814}.Debug|Any CPU.Build.0 = Debug|Any CPU
		{120CECD6-AD05-400C-80B1-9788C4B91814}.Release|Any CPU.ActiveCfg = Release|Any CPU
		{120CECD6-AD05-400C-80B1-9788C4B91814}.Release|Any CPU.Build.0 = Release|Any CPU
		{6382B515-93E0-4745-BE5E-919E46C1CAA7}.Debug|Any CPU.ActiveCfg = Debug|Any CPU
		{6382B515-93E0-4745-BE5E-919E46C1CAA7}.Debug|Any CPU.Build.0 = Debug|Any CPU
		{6382B515-93E0-4745-BE5E-919E46C1CAA7}.Release|Any CPU.ActiveCfg = Release|Any CPU
		{6382B515-93E0-4745-BE5E-919E46C1CAA7}.Release|Any CPU.Build.0 = Release|Any CPU
		{B2D65EC0-C2B3-46AB-A807-ACD65D5042F6}.Debug|Any CPU.ActiveCfg = Debug|Any CPU
		{B2D65EC0-C2B3-46AB-A807-ACD65D5042F6}.Debug|Any CPU.Build.0 = Debug|Any CPU
		{B2D65EC0-C2B3-46AB-A807-ACD65D5042F6}.Release|Any CPU.ActiveCfg = Release|Any CPU
		{B2D65EC0-C2B3-46AB-A807-ACD65D5042F6}.Release|Any CPU.Build.0 = Release|Any CPU
		{2BB3D752-DEEC-45CA-A936-46E119AC330E}.Debug|Any CPU.ActiveCfg = Debug|Any CPU
		{2BB3D752-DEEC-45CA-A936-46E119AC330E}.Debug|Any CPU.Build.0 = Debug|Any CPU
		{2BB3D752-DEEC-45CA-A936-46E119AC330E}.Release|Any CPU.ActiveCfg = Release|Any CPU
		{2BB3D752-DEEC-45CA-A936-46E119AC330E}.Release|Any CPU.Build.0 = Release|Any CPU
		{EA7688F0-C974-4F42-A2DA-B8ADE26B074E}.Debug|Any CPU.ActiveCfg = Debug|Any CPU
		{EA7688F0-C974-4F42-A2DA-B8ADE26B074E}.Debug|Any CPU.Build.0 = Debug|Any CPU
		{EA7688F0-C974-4F42-A2DA-B8ADE26B074E}.Release|Any CPU.ActiveCfg = Release|Any CPU
		{EA7688F0-C974-4F42-A2DA-B8ADE26B074E}.Release|Any CPU.Build.0 = Release|Any CPU
		{18EE304B-6FBA-4EF6-A50F-71F2388A9330}.Debug|Any CPU.ActiveCfg = Debug|Any CPU
		{18EE304B-6FBA-4EF6-A50F-71F2388A9330}.Debug|Any CPU.Build.0 = Debug|Any CPU
		{18EE304B-6FBA-4EF6-A50F-71F2388A9330}.Release|Any CPU.ActiveCfg = Release|Any CPU
		{18EE304B-6FBA-4EF6-A50F-71F2388A9330}.Release|Any CPU.Build.0 = Release|Any CPU
		{23A16557-C688-4B21-84A1-74864C439755}.Debug|Any CPU.ActiveCfg = Debug|Any CPU
		{23A16557-C688-4B21-84A1-74864C439755}.Debug|Any CPU.Build.0 = Debug|Any CPU
		{23A16557-C688-4B21-84A1-74864C439755}.Release|Any CPU.ActiveCfg = Release|Any CPU
		{23A16557-C688-4B21-84A1-74864C439755}.Release|Any CPU.Build.0 = Release|Any CPU
		{1C272BEF-C7B1-4A39-AB46-DF562EFD37CC}.Debug|Any CPU.ActiveCfg = Debug|Any CPU
		{1C272BEF-C7B1-4A39-AB46-DF562EFD37CC}.Debug|Any CPU.Build.0 = Debug|Any CPU
		{1C272BEF-C7B1-4A39-AB46-DF562EFD37CC}.Release|Any CPU.ActiveCfg = Release|Any CPU
		{1C272BEF-C7B1-4A39-AB46-DF562EFD37CC}.Release|Any CPU.Build.0 = Release|Any CPU
		{E8076C02-6C32-4C6A-9CA4-7FF35B0F3D39}.Debug|Any CPU.ActiveCfg = Debug|Any CPU
		{E8076C02-6C32-4C6A-9CA4-7FF35B0F3D39}.Debug|Any CPU.Build.0 = Debug|Any CPU
		{E8076C02-6C32-4C6A-9CA4-7FF35B0F3D39}.Release|Any CPU.ActiveCfg = Release|Any CPU
		{E8076C02-6C32-4C6A-9CA4-7FF35B0F3D39}.Release|Any CPU.Build.0 = Release|Any CPU
		{F96E4091-86A0-476C-B7B6-59C3749F7F74}.Debug|Any CPU.ActiveCfg = Debug|Any CPU
		{F96E4091-86A0-476C-B7B6-59C3749F7F74}.Debug|Any CPU.Build.0 = Debug|Any CPU
		{F96E4091-86A0-476C-B7B6-59C3749F7F74}.Release|Any CPU.ActiveCfg = Release|Any CPU
		{F96E4091-86A0-476C-B7B6-59C3749F7F74}.Release|Any CPU.Build.0 = Release|Any CPU
		{34142177-3950-4518-8052-6E43CE1322A6}.Debug|Any CPU.ActiveCfg = Debug|Any CPU
		{34142177-3950-4518-8052-6E43CE1322A6}.Debug|Any CPU.Build.0 = Debug|Any CPU
		{34142177-3950-4518-8052-6E43CE1322A6}.Release|Any CPU.ActiveCfg = Release|Any CPU
		{34142177-3950-4518-8052-6E43CE1322A6}.Release|Any CPU.Build.0 = Release|Any CPU
		{DA654A5E-F6A0-483A-A8C2-A6911B09B73C}.Debug|Any CPU.ActiveCfg = Debug|Any CPU
		{DA654A5E-F6A0-483A-A8C2-A6911B09B73C}.Debug|Any CPU.Build.0 = Debug|Any CPU
		{DA654A5E-F6A0-483A-A8C2-A6911B09B73C}.Release|Any CPU.ActiveCfg = Release|Any CPU
		{DA654A5E-F6A0-483A-A8C2-A6911B09B73C}.Release|Any CPU.Build.0 = Release|Any CPU
		{2BE80158-470B-44A9-B87F-E04466963AA2}.Debug|Any CPU.ActiveCfg = Debug|Any CPU
		{2BE80158-470B-44A9-B87F-E04466963AA2}.Debug|Any CPU.Build.0 = Debug|Any CPU
		{2BE80158-470B-44A9-B87F-E04466963AA2}.Release|Any CPU.ActiveCfg = Release|Any CPU
		{2BE80158-470B-44A9-B87F-E04466963AA2}.Release|Any CPU.Build.0 = Release|Any CPU
		{23DF526E-2607-4D5C-94CF-9B30C6A56897}.Debug|Any CPU.ActiveCfg = Debug|Any CPU
		{23DF526E-2607-4D5C-94CF-9B30C6A56897}.Debug|Any CPU.Build.0 = Debug|Any CPU
		{23DF526E-2607-4D5C-94CF-9B30C6A56897}.Release|Any CPU.ActiveCfg = Release|Any CPU
		{23DF526E-2607-4D5C-94CF-9B30C6A56897}.Release|Any CPU.Build.0 = Release|Any CPU
		{44C9254A-06A4-4EB8-B882-0A9B57918EAF}.Debug|Any CPU.ActiveCfg = Debug|Any CPU
		{44C9254A-06A4-4EB8-B882-0A9B57918EAF}.Debug|Any CPU.Build.0 = Debug|Any CPU
		{44C9254A-06A4-4EB8-B882-0A9B57918EAF}.Release|Any CPU.ActiveCfg = Release|Any CPU
		{44C9254A-06A4-4EB8-B882-0A9B57918EAF}.Release|Any CPU.Build.0 = Release|Any CPU
		{F2D037FD-A787-4589-8872-B70C7E17C4E9}.Debug|Any CPU.ActiveCfg = Debug|Any CPU
		{F2D037FD-A787-4589-8872-B70C7E17C4E9}.Debug|Any CPU.Build.0 = Debug|Any CPU
		{F2D037FD-A787-4589-8872-B70C7E17C4E9}.Release|Any CPU.ActiveCfg = Release|Any CPU
		{F2D037FD-A787-4589-8872-B70C7E17C4E9}.Release|Any CPU.Build.0 = Release|Any CPU
	EndGlobalSection
	GlobalSection(SolutionProperties) = preSolution
		HideSolutionNode = FALSE
	EndGlobalSection
	GlobalSection(ExtensibilityGlobals) = postSolution
		SolutionGuid = {FBC9028B-F5EC-4665-8ADC-5DF7463D0936}
	EndGlobalSection
EndGlobal
